
Microsoft Visual Studio Solution File, Format Version 11.00
# Visual Studio 2010
Project("{8BC9CEB8-8B4A-11D0-8D11-00A0C91BC942}") = "GetSystemInfo", "GetSystemInfo\GetSystemInfo.vcxproj", "{183416D8-D59B-4F62-91F2-B677AAC7084D}"
EndProject
Project("{8BC9CEB8-8B4A-11D0-8D11-00A0C91BC942}") = "TstProc", "TstProc\TstProc.vcxproj", "{1EA76E72-264A-4672-974C-42DE31612C0D}"
EndProject
Global
	GlobalSection(SolutionConfigurationPlatforms) = preSolution
		Debug|Win32 = Debug|Win32
		Release|Win32 = Release|Win32
	EndGlobalSection
	GlobalSection(ProjectConfigurationPlatforms) = postSolution
		{183416D8-D59B-4F62-91F2-B677AAC7084D}.Debug|Win32.ActiveCfg = Debug|Win32
		{183416D8-D59B-4F62-91F2-B677AAC7084D}.Debug|Win32.Build.0 = Debug|Win32
		{183416D8-D59B-4F62-91F2-B677AAC7084D}.Release|Win32.ActiveCfg = Release|Win32
		{183416D8-D59B-4F62-91F2-B677AAC7084D}.Release|Win32.Build.0 = Release|Win32
		{1EA76E72-264A-4672-974C-42DE31612C0D}.Debug|Win32.ActiveCfg = Debug|Win32
		{1EA76E72-264A-4672-974C-42DE31612C0D}.Debug|Win32.Build.0 = Debug|Win32
		{1EA76E72-264A-4672-974C-42DE31612C0D}.Release|Win32.ActiveCfg = Release|Win32
		{1EA76E72-264A-4672-974C-42DE31612C0D}.Release|Win32.Build.0 = Release|Win32
	EndGlobalSection
	GlobalSection(SolutionProperties) = preSolution
		HideSolutionNode = FALSE
	EndGlobalSection
EndGlobal
