<?xml version="1.0" encoding="utf-8"?>
<Project ToolsVersion="4.0" xmlns="http://schemas.microsoft.com/developer/msbuild/2003">
  <ItemGroup>
    <Filter Include="源文件">
      <UniqueIdentifier>{4FC737F1-C7A5-4376-A066-2A32D752A2FF}</UniqueIdentifier>
      <Extensions>cpp;c;cc;cxx;def;odl;idl;hpj;bat;asm;asmx</Extensions>
    </Filter>
    <Filter Include="头文件">
      <UniqueIdentifier>{93995380-89BD-4b04-88EB-625FBE52EBFB}</UniqueIdentifier>
      <Extensions>h;hpp;hxx;hm;inl;inc;xsd</Extensions>
    </Filter>
    <Filter Include="资源文件">
      <UniqueIdentifier>{67DA6AB6-F800-4c08-8B7A-83BB121AAD01}</UniqueIdentifier>
      <Extensions>rc;ico;cur;bmp;dlg;rc2;rct;bin;rgs;gif;jpg;jpeg;jpe;resx;tiff;tif;png;wav;mfcribbon-ms</Extensions>
    </Filter>
    <Filter Include="GetProcList">
      <UniqueIdentifier>{3542eb42-336f-4baf-bd6a-ea10d8bb0f7a}</UniqueIdentifier>
    </Filter>
    <Filter Include="GetProInfo">
      <UniqueIdentifier>{c5b5648e-5763-455f-b4e3-163965f2bd72}</UniqueIdentifier>
    </Filter>
    <Filter Include="comm">
      <UniqueIdentifier>{74c618bb-5056-43a7-ad10-53975c5c760b}</UniqueIdentifier>
    </Filter>
    <Filter Include="GetTcpUdp">
      <UniqueIdentifier>{da6fd558-f150-422c-930c-21c801687e0d}</UniqueIdentifier>
    </Filter>
    <Filter Include="GetProcFlow">
      <UniqueIdentifier>{8d826139-4e68-40d4-bb69-a5cb214261ae}</UniqueIdentifier>
    </Filter>
  </ItemGroup>
  <ItemGroup>
    <None Include="ReadMe.txt" />
  </ItemGroup>
  <ItemGroup>
    <ClInclude Include="stdafx.h">
      <Filter>头文件</Filter>
    </ClInclude>
    <ClInclude Include="targetver.h">
      <Filter>头文件</Filter>
    </ClInclude>
    <ClInclude Include="GetProcInfomation\GetProcInfo.h">
      <Filter>GetProInfo</Filter>
    </ClInclude>
    <ClInclude Include="GetProcList\GetProcList.h">
      <Filter>GetProcList</Filter>
    </ClInclude>
    <ClInclude Include="impl.h">
      <Filter>头文件</Filter>
    </ClInclude>
    <ClInclude Include="comm\comm.h">
      <Filter>comm</Filter>
    </ClInclude>
    <ClInclude Include="GetTcpUdpData\GetTcpUdpState.h">
      <Filter>GetTcpUdp</Filter>
    </ClInclude>
    <ClInclude Include="GetProcFlows.h">
      <Filter>GetProcFlow</Filter>
    </ClInclude>
    <ClInclude Include="GetProcInfos.h">
      <Filter>头文件</Filter>
    </ClInclude>
  </ItemGroup>
  <ItemGroup>
    <ClCompile Include="stdafx.cpp">
      <Filter>源文件</Filter>
    </ClCompile>
    <ClCompile Include="dllmain.cpp">
      <Filter>源文件</Filter>
    </ClCompile>
    <ClCompile Include="GetProcInfomation\GetProcInfo.cpp">
      <Filter>GetProInfo</Filter>
    </ClCompile>
    <ClCompile Include="GetProcList\GetProcList.cpp">
      <Filter>GetProcList</Filter>
    </ClCompile>
    <ClCompile Include="comm\comm.cpp">
      <Filter>comm</Filter>
    </ClCompile>
    <ClCompile Include="GetProcInfos.cpp">
      <Filter>源文件</Filter>
    </ClCompile>
    <ClCompile Include="GetTcpUdpData\GetTcpUdpState.cpp">
      <Filter>GetTcpUdp</Filter>
    </ClCompile>
    <ClCompile Include="GetProcFlows.cpp">
      <Filter>GetProcFlow</Filter>
    </ClCompile>
  </ItemGroup>
</Project>